// !$*UTF8*$!
{
	archiveVersion = 1;
	classes = {
	};
	objectVersion = 56;
	objects = {

/* Begin PBXBuildFile section */
		7B0AF5EE2C2F206A00010148 /* Home.swift in Sources */ = {isa = PBXBuildFile; fileRef = 7B0AF5ED2C2F206A00010148 /* Home.swift */; };
		7B0AF5EF2C2F206A00010148 /* Home.swift in Sources */ = {isa = PBXBuildFile; fileRef = 7B0AF5ED2C2F206A00010148 /* Home.swift */; };
		7B0AF5F02C2F206A00010148 /* Home.swift in Sources */ = {isa = PBXBuildFile; fileRef = 7B0AF5ED2C2F206A00010148 /* Home.swift */; };
		7B0AF5F22C2F230F00010148 /* About.swift in Sources */ = {isa = PBXBuildFile; fileRef = 7B0AF5F12C2F230F00010148 /* About.swift */; };
		7B0AF5F32C2F230F00010148 /* About.swift in Sources */ = {isa = PBXBuildFile; fileRef = 7B0AF5F12C2F230F00010148 /* About.swift */; };
		7B0AF5F42C2F230F00010148 /* About.swift in Sources */ = {isa = PBXBuildFile; fileRef = 7B0AF5F12C2F230F00010148 /* About.swift */; };
		7B0AF5F62C2F236B00010148 /* Projects.swift in Sources */ = {isa = PBXBuildFile; fileRef = 7B0AF5F52C2F236B00010148 /* Projects.swift */; };
		7B0AF5F72C2F236B00010148 /* Projects.swift in Sources */ = {isa = PBXBuildFile; fileRef = 7B0AF5F52C2F236B00010148 /* Projects.swift */; };
		7B0AF5F82C2F236B00010148 /* Projects.swift in Sources */ = {isa = PBXBuildFile; fileRef = 7B0AF5F52C2F236B00010148 /* Projects.swift */; };
		7B7BC4B12C2E1FAC00A63760 /* Sergio Sanchez Alvares.pdf in Resources */ = {isa = PBXBuildFile; fileRef = 7B7BC4B02C2E1FAC00A63760 /* Sergio Sanchez Alvares.pdf */; };
		7B8BEC072C26633F00C3FD52 /* PortfolioApp.swift in Sources */ = {isa = PBXBuildFile; fileRef = 7B8BEC062C26633F00C3FD52 /* PortfolioApp.swift */; };
		7B8BEC092C26633F00C3FD52 /* ContentView.swift in Sources */ = {isa = PBXBuildFile; fileRef = 7B8BEC082C26633F00C3FD52 /* ContentView.swift */; };
		7B8BEC0B2C26634000C3FD52 /* Assets.xcassets in Resources */ = {isa = PBXBuildFile; fileRef = 7B8BEC0A2C26634000C3FD52 /* Assets.xcassets */; };
		7B8BEC0E2C26634000C3FD52 /* Preview Assets.xcassets in Resources */ = {isa = PBXBuildFile; fileRef = 7B8BEC0D2C26634000C3FD52 /* Preview Assets.xcassets */; };
		7B8BEC182C26634000C3FD52 /* PortfolioTests.swift in Sources */ = {isa = PBXBuildFile; fileRef = 7B8BEC172C26634000C3FD52 /* PortfolioTests.swift */; };
		7B8BEC222C26634000C3FD52 /* PortfolioUITests.swift in Sources */ = {isa = PBXBuildFile; fileRef = 7B8BEC212C26634000C3FD52 /* PortfolioUITests.swift */; };
		7B8BEC242C26634000C3FD52 /* PortfolioUITestsLaunchTests.swift in Sources */ = {isa = PBXBuildFile; fileRef = 7B8BEC232C26634000C3FD52 /* PortfolioUITestsLaunchTests.swift */; };
/* End PBXBuildFile section */

/* Begin PBXContainerItemProxy section */
		7B8BEC142C26634000C3FD52 /* PBXContainerItemProxy */ = {
			isa = PBXContainerItemProxy;
			containerPortal = 7B8BEBFB2C26633F00C3FD52 /* Project object */;
			proxyType = 1;
			remoteGlobalIDString = 7B8BEC022C26633F00C3FD52;
			remoteInfo = Portfolio;
		};
		7B8BEC1E2C26634000C3FD52 /* PBXContainerItemProxy */ = {
			isa = PBXContainerItemProxy;
			containerPortal = 7B8BEBFB2C26633F00C3FD52 /* Project object */;
			proxyType = 1;
			remoteGlobalIDString = 7B8BEC022C26633F00C3FD52;
			remoteInfo = Portfolio;
		};
/* End PBXContainerItemProxy section */

/* Begin PBXFileReference section */
		7B0AF5ED2C2F206A00010148 /* Home.swift */ = {isa = PBXFileReference; lastKnownFileType = sourcecode.swift; path = Home.swift; sourceTree = "<group>"; };
		7B0AF5F12C2F230F00010148 /* About.swift */ = {isa = PBXFileReference; lastKnownFileType = sourcecode.swift; path = About.swift; sourceTree = "<group>"; };
		7B0AF5F52C2F236B00010148 /* Projects.swift */ = {isa = PBXFileReference; lastKnownFileType = sourcecode.swift; path = Projects.swift; sourceTree = "<group>"; };
		7B7BC4B02C2E1FAC00A63760 /* Sergio Sanchez Alvares.pdf */ = {isa = PBXFileReference; lastKnownFileType = image.pdf; path = "Sergio Sanchez Alvares.pdf"; sourceTree = "<group>"; };
		7B8BEC032C26633F00C3FD52 /* Portfolio.app */ = {isa = PBXFileReference; explicitFileType = wrapper.application; includeInIndex = 0; path = Portfolio.app; sourceTree = BUILT_PRODUCTS_DIR; };
		7B8BEC062C26633F00C3FD52 /* PortfolioApp.swift */ = {isa = PBXFileReference; lastKnownFileType = sourcecode.swift; path = PortfolioApp.swift; sourceTree = "<group>"; };
		7B8BEC082C26633F00C3FD52 /* ContentView.swift */ = {isa = PBXFileReference; lastKnownFileType = sourcecode.swift; path = ContentView.swift; sourceTree = "<group>"; };
		7B8BEC0A2C26634000C3FD52 /* Assets.xcassets */ = {isa = PBXFileReference; lastKnownFileType = folder.assetcatalog; path = Assets.xcassets; sourceTree = "<group>"; };
		7B8BEC0D2C26634000C3FD52 /* Preview Assets.xcassets */ = {isa = PBXFileReference; lastKnownFileType = folder.assetcatalog; path = "Preview Assets.xcassets"; sourceTree = "<group>"; };
		7B8BEC132C26634000C3FD52 /* PortfolioTests.xctest */ = {isa = PBXFileReference; explicitFileType = wrapper.cfbundle; includeInIndex = 0; path = PortfolioTests.xctest; sourceTree = BUILT_PRODUCTS_DIR; };
		7B8BEC172C26634000C3FD52 /* PortfolioTests.swift */ = {isa = PBXFileReference; lastKnownFileType = sourcecode.swift; path = PortfolioTests.swift; sourceTree = "<group>"; };
		7B8BEC1D2C26634000C3FD52 /* PortfolioUITests.xctest */ = {isa = PBXFileReference; explicitFileType = wrapper.cfbundle; includeInIndex = 0; path = PortfolioUITests.xctest; sourceTree = BUILT_PRODUCTS_DIR; };
		7B8BEC212C26634000C3FD52 /* PortfolioUITests.swift */ = {isa = PBXFileReference; lastKnownFileType = sourcecode.swift; path = PortfolioUITests.swift; sourceTree = "<group>"; };
		7B8BEC232C26634000C3FD52 /* PortfolioUITestsLaunchTests.swift */ = {isa = PBXFileReference; lastKnownFileType = sourcecode.swift; path = PortfolioUITestsLaunchTests.swift; sourceTree = "<group>"; };
/* End PBXFileReference section */

/* Begin PBXFrameworksBuildPhase section */
		7B8BEC002C26633F00C3FD52 /* Frameworks */ = {
			isa = PBXFrameworksBuildPhase;
			buildActionMask = 2147483647;
			files = (
			);
			runOnlyForDeploymentPostprocessing = 0;
		};
		7B8BEC102C26634000C3FD52 /* Frameworks */ = {
			isa = PBXFrameworksBuildPhase;
			buildActionMask = 2147483647;
			files = (
			);
			runOnlyForDeploymentPostprocessing = 0;
		};
		7B8BEC1A2C26634000C3FD52 /* Frameworks */ = {
			isa = PBXFrameworksBuildPhase;
			buildActionMask = 2147483647;
			files = (
			);
			runOnlyForDeploymentPostprocessing = 0;
		};
/* End PBXFrameworksBuildPhase section */

/* Begin PBXGroup section */
		7B8BEBFA2C26633F00C3FD52 = {
			isa = PBXGroup;
			children = (
				7B7BC4B02C2E1FAC00A63760 /* Sergio Sanchez Alvares.pdf */,
				7B8BEC052C26633F00C3FD52 /* Portfolio */,
				7B8BEC162C26634000C3FD52 /* PortfolioTests */,
				7B8BEC202C26634000C3FD52 /* PortfolioUITests */,
				7B8BEC042C26633F00C3FD52 /* Products */,
			);
			sourceTree = "<group>";
		};
		7B8BEC042C26633F00C3FD52 /* Products */ = {
			isa = PBXGroup;
			children = (
				7B8BEC032C26633F00C3FD52 /* Portfolio.app */,
				7B8BEC132C26634000C3FD52 /* PortfolioTests.xctest */,
				7B8BEC1D2C26634000C3FD52 /* PortfolioUITests.xctest */,
			);
			name = Products;
			sourceTree = "<group>";
		};
		7B8BEC052C26633F00C3FD52 /* Portfolio */ = {
			isa = PBXGroup;
			children = (
				7B8BEC062C26633F00C3FD52 /* PortfolioApp.swift */,
				7B8BEC082C26633F00C3FD52 /* ContentView.swift */,
				7B8BEC0A2C26634000C3FD52 /* Assets.xcassets */,
				7B8BEC0C2C26634000C3FD52 /* Preview Content */,
				7B0AF5ED2C2F206A00010148 /* Home.swift */,
				7B0AF5F12C2F230F00010148 /* About.swift */,
				7B0AF5F52C2F236B00010148 /* Projects.swift */,
			);
			path = Portfolio;
			sourceTree = "<group>";
		};
		7B8BEC0C2C26634000C3FD52 /* Preview Content */ = {
			isa = PBXGroup;
			children = (
				7B8BEC0D2C26634000C3FD52 /* Preview Assets.xcassets */,
			);
			path = "Preview Content";
			sourceTree = "<group>";
		};
		7B8BEC162C26634000C3FD52 /* PortfolioTests */ = {
			isa = PBXGroup;
			children = (
				7B8BEC172C26634000C3FD52 /* PortfolioTests.swift */,
			);
			path = PortfolioTests;
			sourceTree = "<group>";
		};
		7B8BEC202C26634000C3FD52 /* PortfolioUITests */ = {
			isa = PBXGroup;
			children = (
				7B8BEC212C26634000C3FD52 /* PortfolioUITests.swift */,
				7B8BEC232C26634000C3FD52 /* PortfolioUITestsLaunchTests.swift */,
			);
			path = PortfolioUITests;
			sourceTree = "<group>";
		};
/* End PBXGroup section */

/* Begin PBXNativeTarget section */
		7B8BEC022C26633F00C3FD52 /* Portfolio */ = {
			isa = PBXNativeTarget;
			buildConfigurationList = 7B8BEC272C26634000C3FD52 /* Build configuration list for PBXNativeTarget "Portfolio" */;
			buildPhases = (
				7B8BEBFF2C26633F00C3FD52 /* Sources */,
				7B8BEC002C26633F00C3FD52 /* Frameworks */,
				7B8BEC012C26633F00C3FD52 /* Resources */,
			);
			buildRules = (
			);
			dependencies = (
			);
			name = Portfolio;
			productName = Portfolio;
			productReference = 7B8BEC032C26633F00C3FD52 /* Portfolio.app */;
			productType = "com.apple.product-type.application";
		};
		7B8BEC122C26634000C3FD52 /* PortfolioTests */ = {
			isa = PBXNativeTarget;
			buildConfigurationList = 7B8BEC2A2C26634000C3FD52 /* Build configuration list for PBXNativeTarget "PortfolioTests" */;
			buildPhases = (
				7B8BEC0F2C26634000C3FD52 /* Sources */,
				7B8BEC102C26634000C3FD52 /* Frameworks */,
				7B8BEC112C26634000C3FD52 /* Resources */,
			);
			buildRules = (
			);
			dependencies = (
				7B8BEC152C26634000C3FD52 /* PBXTargetDependency */,
			);
			name = PortfolioTests;
			productName = PortfolioTests;
			productReference = 7B8BEC132C26634000C3FD52 /* PortfolioTests.xctest */;
			productType = "com.apple.product-type.bundle.unit-test";
		};
		7B8BEC1C2C26634000C3FD52 /* PortfolioUITests */ = {
			isa = PBXNativeTarget;
			buildConfigurationList = 7B8BEC2D2C26634000C3FD52 /* Build configuration list for PBXNativeTarget "PortfolioUITests" */;
			buildPhases = (
				7B8BEC192C26634000C3FD52 /* Sources */,
				7B8BEC1A2C26634000C3FD52 /* Frameworks */,
				7B8BEC1B2C26634000C3FD52 /* Resources */,
			);
			buildRules = (
			);
			dependencies = (
				7B8BEC1F2C26634000C3FD52 /* PBXTargetDependency */,
			);
			name = PortfolioUITests;
			productName = PortfolioUITests;
			productReference = 7B8BEC1D2C26634000C3FD52 /* PortfolioUITests.xctest */;
			productType = "com.apple.product-type.bundle.ui-testing";
		};
/* End PBXNativeTarget section */

/* Begin PBXProject section */
		7B8BEBFB2C26633F00C3FD52 /* Project object */ = {
			isa = PBXProject;
			attributes = {
				BuildIndependentTargetsInParallel = 1;
				LastSwiftUpdateCheck = 1540;
				LastUpgradeCheck = 1540;
				TargetAttributes = {
					7B8BEC022C26633F00C3FD52 = {
						CreatedOnToolsVersion = 15.4;
					};
					7B8BEC122C26634000C3FD52 = {
						CreatedOnToolsVersion = 15.4;
						TestTargetID = 7B8BEC022C26633F00C3FD52;
					};
					7B8BEC1C2C26634000C3FD52 = {
						CreatedOnToolsVersion = 15.4;
						TestTargetID = 7B8BEC022C26633F00C3FD52;
					};
				};
			};
			buildConfigurationList = 7B8BEBFE2C26633F00C3FD52 /* Build configuration list for PBXProject "Portfolio" */;
			compatibilityVersion = "Xcode 14.0";
			developmentRegion = en;
			hasScannedForEncodings = 0;
			knownRegions = (
				en,
				Base,
			);
			mainGroup = 7B8BEBFA2C26633F00C3FD52;
			productRefGroup = 7B8BEC042C26633F00C3FD52 /* Products */;
			projectDirPath = "";
			projectRoot = "";
			targets = (
				7B8BEC022C26633F00C3FD52 /* Portfolio */,
				7B8BEC122C26634000C3FD52 /* PortfolioTests */,
				7B8BEC1C2C26634000C3FD52 /* PortfolioUITests */,
			);
		};
/* End PBXProject section */

/* Begin PBXResourcesBuildPhase section */
		7B8BEC012C26633F00C3FD52 /* Resources */ = {
			isa = PBXResourcesBuildPhase;
			buildActionMask = 2147483647;
			files = (
				7B8BEC0E2C26634000C3FD52 /* Preview Assets.xcassets in Resources */,
				7B8BEC0B2C26634000C3FD52 /* Assets.xcassets in Resources */,
				7B7BC4B12C2E1FAC00A63760 /* Sergio Sanchez Alvares.pdf in Resources */,
			);
			runOnlyForDeploymentPostprocessing = 0;
		};
		7B8BEC112C26634000C3FD52 /* Resources */ = {
			isa = PBXResourcesBuildPhase;
			buildActionMask = 2147483647;
			files = (
			);
			runOnlyForDeploymentPostprocessing = 0;
		};
		7B8BEC1B2C26634000C3FD52 /* Resources */ = {
			isa = PBXResourcesBuildPhase;
			buildActionMask = 2147483647;
			files = (
			);
			runOnlyForDeploymentPostprocessing = 0;
		};
/* End PBXResourcesBuildPhase section */

/* Begin PBXSourcesBuildPhase section */
		7B8BEBFF2C26633F00C3FD52 /* Sources */ = {
			isa = PBXSourcesBuildPhase;
			buildActionMask = 2147483647;
			files = (
				7B8BEC092C26633F00C3FD52 /* ContentView.swift in Sources */,
				7B0AF5F22C2F230F00010148 /* About.swift in Sources */,
				7B0AF5F62C2F236B00010148 /* Projects.swift in Sources */,
				7B0AF5EE2C2F206A00010148 /* Home.swift in Sources */,
				7B8BEC072C26633F00C3FD52 /* PortfolioApp.swift in Sources */,
			);
			runOnlyForDeploymentPostprocessing = 0;
		};
		7B8BEC0F2C26634000C3FD52 /* Sources */ = {
			isa = PBXSourcesBuildPhase;
			buildActionMask = 2147483647;
			files = (
				7B0AF5EF2C2F206A00010148 /* Home.swift in Sources */,
				7B0AF5F32C2F230F00010148 /* About.swift in Sources */,
				7B8BEC182C26634000C3FD52 /* PortfolioTests.swift in Sources */,
				7B0AF5F72C2F236B00010148 /* Projects.swift in Sources */,
			);
			runOnlyForDeploymentPostprocessing = 0;
		};
		7B8BEC192C26634000C3FD52 /* Sources */ = {
			isa = PBXSourcesBuildPhase;
			buildActionMask = 2147483647;
			files = (
				7B8BEC222C26634000C3FD52 /* PortfolioUITests.swift in Sources */,
				7B0AF5F42C2F230F00010148 /* About.swift in Sources */,
				7B0AF5F82C2F236B00010148 /* Projects.swift in Sources */,
				7B0AF5F02C2F206A00010148 /* Home.swift in Sources */,
				7B8BEC242C26634000C3FD52 /* PortfolioUITestsLaunchTests.swift in Sources */,
			);
			runOnlyForDeploymentPostprocessing = 0;
		};
/* End PBXSourcesBuildPhase section */

/* Begin PBXTargetDependency section */
		7B8BEC152C26634000C3FD52 /* PBXTargetDependency */ = {
			isa = PBXTargetDependency;
			target = 7B8BEC022C26633F00C3FD52 /* Portfolio */;
			targetProxy = 7B8BEC142C26634000C3FD52 /* PBXContainerItemProxy */;
		};
		7B8BEC1F2C26634000C3FD52 /* PBXTargetDependency */ = {
			isa = PBXTargetDependency;
			target = 7B8BEC022C26633F00C3FD52 /* Portfolio */;
			targetProxy = 7B8BEC1E2C26634000C3FD52 /* PBXContainerItemProxy */;
		};
/* End PBXTargetDependency section */

/* Begin XCBuildConfiguration section */
		7B8BEC252C26634000C3FD52 /* Debug */ = {
			isa = XCBuildConfiguration;
			buildSettings = {
				ALWAYS_SEARCH_USER_PATHS = NO;
				ASSETCATALOG_COMPILER_GENERATE_SWIFT_ASSET_SYMBOL_EXTENSIONS = YES;
				CLANG_ANALYZER_NONNULL = YES;
				CLANG_ANALYZER_NUMBER_OBJECT_CONVERSION = YES_AGGRESSIVE;
				CLANG_CXX_LANGUAGE_STANDARD = "gnu++20";
				CLANG_ENABLE_MODULES = YES;
				CLANG_ENABLE_OBJC_ARC = YES;
				CLANG_ENABLE_OBJC_WEAK = YES;
				CLANG_WARN_BLOCK_CAPTURE_AUTORELEASING = YES;
				CLANG_WARN_BOOL_CONVERSION = YES;
				CLANG_WARN_COMMA = YES;
				CLANG_WARN_CONSTANT_CONVERSION = YES;
				CLANG_WARN_DEPRECATED_OBJC_IMPLEMENTATIONS = YES;
				CLANG_WARN_DIRECT_OBJC_ISA_USAGE = YES_ERROR;
				CLANG_WARN_DOCUMENTATION_COMMENTS = YES;
				CLANG_WARN_EMPTY_BODY = YES;
				CLANG_WARN_ENUM_CONVERSION = YES;
				CLANG_WARN_INFINITE_RECURSION = YES;
				CLANG_WARN_INT_CONVERSION = YES;
				CLANG_WARN_NON_LITERAL_NULL_CONVERSION = YES;
				CLANG_WARN_OBJC_IMPLICIT_RETAIN_SELF = YES;
				CLANG_WARN_OBJC_LITERAL_CONVERSION = YES;
				CLANG_WARN_OBJC_ROOT_CLASS = YES_ERROR;
				CLANG_WARN_QUOTED_INCLUDE_IN_FRAMEWORK_HEADER = YES;
				CLANG_WARN_RANGE_LOOP_ANALYSIS = YES;
				CLANG_WARN_STRICT_PROTOTYPES = YES;
				CLANG_WARN_SUSPICIOUS_MOVE = YES;
				CLANG_WARN_UNGUARDED_AVAILABILITY = YES_AGGRESSIVE;
				CLANG_WARN_UNREACHABLE_CODE = YES;
				CLANG_WARN__DUPLICATE_METHOD_MATCH = YES;
				COPY_PHASE_STRIP = NO;
				DEBUG_INFORMATION_FORMAT = dwarf;
				ENABLE_STRICT_OBJC_MSGSEND = YES;
				ENABLE_TESTABILITY = YES;
				ENABLE_USER_SCRIPT_SANDBOXING = YES;
				GCC_C_LANGUAGE_STANDARD = gnu17;
				GCC_DYNAMIC_NO_PIC = NO;
				GCC_NO_COMMON_BLOCKS = YES;
				GCC_OPTIMIZATION_LEVEL = 0;
				GCC_PREPROCESSOR_DEFINITIONS = (
					"DEBUG=1",
					"$(inherited)",
				);
				GCC_WARN_64_TO_32_BIT_CONVERSION = YES;
				GCC_WARN_ABOUT_RETURN_TYPE = YES_ERROR;
				GCC_WARN_UNDECLARED_SELECTOR = YES;
				GCC_WARN_UNINITIALIZED_AUTOS = YES_AGGRESSIVE;
				GCC_WARN_UNUSED_FUNCTION = YES;
				GCC_WARN_UNUSED_VARIABLE = YES;
				IPHONEOS_DEPLOYMENT_TARGET = 17.5;
				LOCALIZATION_PREFERS_STRING_CATALOGS = YES;
				MTL_ENABLE_DEBUG_INFO = INCLUDE_SOURCE;
				MTL_FAST_MATH = YES;
				ONLY_ACTIVE_ARCH = YES;
				SDKROOT = iphoneos;
				SWIFT_ACTIVE_COMPILATION_CONDITIONS = "DEBUG $(inherited)";
				SWIFT_OPTIMIZATION_LEVEL = "-Onone";
			};
			name = Debug;
		};
		7B8BEC262C26634000C3FD52 /* Release */ = {
			isa = XCBuildConfiguration;
			buildSettings = {
				ALWAYS_SEARCH_USER_PATHS = NO;
				ASSETCATALOG_COMPILER_GENERATE_SWIFT_ASSET_SYMBOL_EXTENSIONS = YES;
				CLANG_ANALYZER_NONNULL = YES;
				CLANG_ANALYZER_NUMBER_OBJECT_CONVERSION = YES_AGGRESSIVE;
				CLANG_CXX_LANGUAGE_STANDARD = "gnu++20";
				CLANG_ENABLE_MODULES = YES;
				CLANG_ENABLE_OBJC_ARC = YES;
				CLANG_ENABLE_OBJC_WEAK = YES;
				CLANG_WARN_BLOCK_CAPTURE_AUTORELEASING = YES;
				CLANG_WARN_BOOL_CONVERSION = YES;
				CLANG_WARN_COMMA = YES;
				CLANG_WARN_CONSTANT_CONVERSION = YES;
				CLANG_WARN_DEPRECATED_OBJC_IMPLEMENTATIONS = YES;
				CLANG_WARN_DIRECT_OBJC_ISA_USAGE = YES_ERROR;
				CLANG_WARN_DOCUMENTATION_COMMENTS = YES;
				CLANG_WARN_EMPTY_BODY = YES;
				CLANG_WARN_ENUM_CONVERSION = YES;
				CLANG_WARN_INFINITE_RECURSION = YES;
				CLANG_WARN_INT_CONVERSION = YES;
				CLANG_WARN_NON_LITERAL_NULL_CONVERSION = YES;
				CLANG_WARN_OBJC_IMPLICIT_RETAIN_SELF = YES;
				CLANG_WARN_OBJC_LITERAL_CONVERSION = YES;
				CLANG_WARN_OBJC_ROOT_CLASS = YES_ERROR;
				CLANG_WARN_QUOTED_INCLUDE_IN_FRAMEWORK_HEADER = YES;
				CLANG_WARN_RANGE_LOOP_ANALYSIS = YES;
				CLANG_WARN_STRICT_PROTOTYPES = YES;
				CLANG_WARN_SUSPICIOUS_MOVE = YES;
				CLANG_WARN_UNGUARDED_AVAILABILITY = YES_AGGRESSIVE;
				CLANG_WARN_UNREACHABLE_CODE = YES;
				CLANG_WARN__DUPLICATE_METHOD_MATCH = YES;
				COPY_PHASE_STRIP = NO;
				DEBUG_INFORMATION_FORMAT = "dwarf-with-dsym";
				ENABLE_NS_ASSERTIONS = NO;
				ENABLE_STRICT_OBJC_MSGSEND = YES;
				ENABLE_USER_SCRIPT_SANDBOXING = YES;
				GCC_C_LANGUAGE_STANDARD = gnu17;
				GCC_NO_COMMON_BLOCKS = YES;
				GCC_WARN_64_TO_32_BIT_CONVERSION = YES;
				GCC_WARN_ABOUT_RETURN_TYPE = YES_ERROR;
				GCC_WARN_UNDECLARED_SELECTOR = YES;
				GCC_WARN_UNINITIALIZED_AUTOS = YES_AGGRESSIVE;
				GCC_WARN_UNUSED_FUNCTION = YES;
				GCC_WARN_UNUSED_VARIABLE = YES;
				IPHONEOS_DEPLOYMENT_TARGET = 17.5;
				LOCALIZATION_PREFERS_STRING_CATALOGS = YES;
				MTL_ENABLE_DEBUG_INFO = NO;
				MTL_FAST_MATH = YES;
				SDKROOT = iphoneos;
				SWIFT_COMPILATION_MODE = wholemodule;
				VALIDATE_PRODUCT = YES;
			};
			name = Release;
		};
		7B8BEC282C26634000C3FD52 /* Debug */ = {
			isa = XCBuildConfiguration;
			buildSettings = {
				ASSETCATALOG_COMPILER_APPICON_NAME = AppIcon;
				ASSETCATALOG_COMPILER_GLOBAL_ACCENT_COLOR_NAME = AccentColor;
				CODE_SIGN_STYLE = Automatic;
				CURRENT_PROJECT_VERSION = 1;
				DEVELOPMENT_ASSET_PATHS = "\"Portfolio/Preview Content\"";
				DEVELOPMENT_TEAM = M9S699X4L6;
				ENABLE_PREVIEWS = YES;
				GENERATE_INFOPLIST_FILE = YES;
				INFOPLIST_KEY_UIApplicationSceneManifest_Generation = YES;
				INFOPLIST_KEY_UIApplicationSupportsIndirectInputEvents = YES;
				INFOPLIST_KEY_UILaunchScreen_Generation = YES;
				INFOPLIST_KEY_UISupportedInterfaceOrientations_iPad = "UIInterfaceOrientationPortrait UIInterfaceOrientationPortraitUpsideDown UIInterfaceOrientationLandscapeLeft UIInterfaceOrientationLandscapeRight";
				INFOPLIST_KEY_UISupportedInterfaceOrientations_iPhone = "UIInterfaceOrientationPortrait UIInterfaceOrientationLandscapeLeft UIInterfaceOrientationLandscapeRight";
				LD_RUNPATH_SEARCH_PATHS = (
					"$(inherited)",
					"@executable_path/Frameworks",
				);
				MARKETING_VERSION = 1.0;
				PRODUCT_BUNDLE_IDENTIFIER = "Sergio-S.A.Portfolio";
				PRODUCT_NAME = "$(TARGET_NAME)";
				SWIFT_EMIT_LOC_STRINGS = YES;
				SWIFT_VERSION = 5.0;
				TARGETED_DEVICE_FAMILY = "1,2";
			};
			name = Debug;
		};
		7B8BEC292C26634000C3FD52 /* Release */ = {
			isa = XCBuildConfiguration;
			buildSettings = {
				ASSETCATALOG_COMPILER_APPICON_NAME = AppIcon;
				ASSETCATALOG_COMPILER_GLOBAL_ACCENT_COLOR_NAME = AccentColor;
				CODE_SIGN_STYLE = Automatic;
				CURRENT_PROJECT_VERSION = 1;
				DEVELOPMENT_ASSET_PATHS = "\"Portfolio/Preview Content\"";
				DEVELOPMENT_TEAM = M9S699X4L6;
				ENABLE_PREVIEWS = YES;
				GENERATE_INFOPLIST_FILE = YES;
				INFOPLIST_KEY_UIApplicationSceneManifest_Generation = YES;
				INFOPLIST_KEY_UIApplicationSupportsIndirectInputEvents = YES;
				INFOPLIST_KEY_UILaunchScreen_Generation = YES;
				INFOPLIST_KEY_UISupportedInterfaceOrientations_iPad = "UIInterfaceOrientationPortrait UIInterfaceOrientationPortraitUpsideDown UIInterfaceOrientationLandscapeLeft UIInterfaceOrientationLandscapeRight";
				INFOPLIST_KEY_UISupportedInterfaceOrientations_iPhone = "UIInterfaceOrientationPortrait UIInterfaceOrientationLandscapeLeft UIInterfaceOrientationLandscapeRight";
				LD_RUNPATH_SEARCH_PATHS = (
					"$(inherited)",
					"@executable_path/Frameworks",
				);
				MARKETING_VERSION = 1.0;
				PRODUCT_BUNDLE_IDENTIFIER = "Sergio-S.A.Portfolio";
				PRODUCT_NAME = "$(TARGET_NAME)";
				SWIFT_EMIT_LOC_STRINGS = YES;
				SWIFT_VERSION = 5.0;
				TARGETED_DEVICE_FAMILY = "1,2";
			};
			name = Release;
		};
		7B8BEC2B2C26634000C3FD52 /* Debug */ = {
			isa = XCBuildConfiguration;
			buildSettings = {
				ALWAYS_EMBED_SWIFT_STANDARD_LIBRARIES = YES;
				BUNDLE_LOADER = "$(TEST_HOST)";
				CODE_SIGN_STYLE = Automatic;
				CURRENT_PROJECT_VERSION = 1;
				DEVELOPMENT_TEAM = M9S699X4L6;
				GENERATE_INFOPLIST_FILE = YES;
				IPHONEOS_DEPLOYMENT_TARGET = 17.5;
				MARKETING_VERSION = 1.0;
				PRODUCT_BUNDLE_IDENTIFIER = "Sergio-S.A.PortfolioTests";
				PRODUCT_NAME = "$(TARGET_NAME)";
				SWIFT_EMIT_LOC_STRINGS = NO;
				SWIFT_VERSION = 5.0;
				TARGETED_DEVICE_FAMILY = "1,2";
				TEST_HOST = "$(BUILT_PRODUCTS_DIR)/Portfolio.app/$(BUNDLE_EXECUTABLE_FOLDER_PATH)/Portfolio";
			};
			name = Debug;
		};
		7B8BEC2C2C26634000C3FD52 /* Release */ = {
			isa = XCBuildConfiguration;
			buildSettings = {
				ALWAYS_EMBED_SWIFT_STANDARD_LIBRARIES = YES;
				BUNDLE_LOADER = "$(TEST_HOST)";
				CODE_SIGN_STYLE = Automatic;
				CURRENT_PROJECT_VERSION = 1;
				DEVELOPMENT_TEAM = M9S699X4L6;
				GENERATE_INFOPLIST_FILE = YES;
				IPHONEOS_DEPLOYMENT_TARGET = 17.5;
				MARKETING_VERSION = 1.0;
				PRODUCT_BUNDLE_IDENTIFIER = "Sergio-S.A.PortfolioTests";
				PRODUCT_NAME = "$(TARGET_NAME)";
				SWIFT_EMIT_LOC_STRINGS = NO;
				SWIFT_VERSION = 5.0;
				TARGETED_DEVICE_FAMILY = "1,2";
				TEST_HOST = "$(BUILT_PRODUCTS_DIR)/Portfolio.app/$(BUNDLE_EXECUTABLE_FOLDER_PATH)/Portfolio";
			};
			name = Release;
		};
		7B8BEC2E2C26634000C3FD52 /* Debug */ = {
			isa = XCBuildConfiguration;
			buildSettings = {
				ALWAYS_EMBED_SWIFT_STANDARD_LIBRARIES = YES;
				CODE_SIGN_STYLE = Automatic;
				CURRENT_PROJECT_VERSION = 1;
				DEVELOPMENT_TEAM = M9S699X4L6;
				GENERATE_INFOPLIST_FILE = YES;
				MARKETING_VERSION = 1.0;
				PRODUCT_BUNDLE_IDENTIFIER = "Sergio-S.A.PortfolioUITests";
				PRODUCT_NAME = "$(TARGET_NAME)";
				SWIFT_EMIT_LOC_STRINGS = NO;
				SWIFT_VERSION = 5.0;
				TARGETED_DEVICE_FAMILY = "1,2";
				TEST_TARGET_NAME = Portfolio;
			};
			name = Debug;
		};
		7B8BEC2F2C26634000C3FD52 /* Release */ = {
			isa = XCBuildConfiguration;
			buildSettings = {
				ALWAYS_EMBED_SWIFT_STANDARD_LIBRARIES = YES;
				CODE_SIGN_STYLE = Automatic;
				CURRENT_PROJECT_VERSION = 1;
				DEVELOPMENT_TEAM = M9S699X4L6;
				GENERATE_INFOPLIST_FILE = YES;
				MARKETING_VERSION = 1.0;
				PRODUCT_BUNDLE_IDENTIFIER = "Sergio-S.A.PortfolioUITests";
				PRODUCT_NAME = "$(TARGET_NAME)";
				SWIFT_EMIT_LOC_STRINGS = NO;
				SWIFT_VERSION = 5.0;
				TARGETED_DEVICE_FAMILY = "1,2";
				TEST_TARGET_NAME = Portfolio;
			};
			name = Release;
		};
/* End XCBuildConfiguration section */

/* Begin XCConfigurationList section */
		7B8BEBFE2C26633F00C3FD52 /* Build configuration list for PBXProject "Portfolio" */ = {
			isa = XCConfigurationList;
			buildConfigurations = (
				7B8BEC252C26634000C3FD52 /* Debug */,
				7B8BEC262C26634000C3FD52 /* Release */,
			);
			defaultConfigurationIsVisible = 0;
			defaultConfigurationName = Release;
		};
		7B8BEC272C26634000C3FD52 /* Build configuration list for PBXNativeTarget "Portfolio" */ = {
			isa = XCConfigurationList;
			buildConfigurations = (
				7B8BEC282C26634000C3FD52 /* Debug */,
				7B8BEC292C26634000C3FD52 /* Release */,
			);
			defaultConfigurationIsVisible = 0;
			defaultConfigurationName = Release;
		};
		7B8BEC2A2C26634000C3FD52 /* Build configuration list for PBXNativeTarget "PortfolioTests" */ = {
			isa = XCConfigurationList;
			buildConfigurations = (
				7B8BEC2B2C26634000C3FD52 /* Debug */,
				7B8BEC2C2C26634000C3FD52 /* Release */,
			);
			defaultConfigurationIsVisible = 0;
			defaultConfigurationName = Release;
		};
		7B8BEC2D2C26634000C3FD52 /* Build configuration list for PBXNativeTarget "PortfolioUITests" */ = {
			isa = XCConfigurationList;
			buildConfigurations = (
				7B8BEC2E2C26634000C3FD52 /* Debug */,
				7B8BEC2F2C26634000C3FD52 /* Release */,
			);
			defaultConfigurationIsVisible = 0;
			defaultConfigurationName = Release;
		};
/* End XCConfigurationList section */
	};
	rootObject = 7B8BEBFB2C26633F00C3FD52 /* Project object */;
}
